PODS:
  - CSPageController (1.0.0):
    - Masonry
  - Masonry (1.1.0)

DEPENDENCIES:
  - CSPageController (from `../`)

SPEC REPOS:
  https://github.com/cocoapods/specs.git:
    - Masonry

EXTERNAL SOURCES:
  CSPageController:
    :path: "../"

SPEC CHECKSUMS:
  CSPageController: 6813a584e20f23b0741d9d214bfa548c177a735e
  Masonry: 678fab65091a9290e40e2832a55e7ab731aad201

PODFILE CHECKSUM: f0a9c2420fe05453aad5a8cb091cb98d1ec23bda

COCOAPODS: 1.6.1
